
Microsoft Visual Studio Solution File, Format Version 12.00
# Visual Studio Version 17
VisualStudioVersion = 17.6.33815.320
MinimumVisualStudioVersion = 10.0.40219.1
Project("{FAE04EC0-301F-11D3-BF4B-00C04F79EFBC}") = "Back-end", "Back-end.csproj", "{3E770972-EA36-4473-9BC8-D9F7CFCDF17E}"
EndProject
Global
	GlobalSection(SolutionConfigurationPlatforms) = preSolution
		Debug|Any CPU = Debug|Any CPU
		Release|Any CPU = Release|Any CPU
	EndGlobalSection
	GlobalSection(ProjectConfigurationPlatforms) = postSolution
		{3E770972-EA36-4473-9BC8-D9F7CFCDF17E}.Debug|Any CPU.ActiveCfg = Debug|Any CPU
		{3E770972-EA36-4473-9BC8-D9F7CFCDF17E}.Debug|Any CPU.Build.0 = Debug|Any CPU
		{3E770972-EA36-4473-9BC8-D9F7CFCDF17E}.Release|Any CPU.ActiveCfg = Release|Any CPU
		{3E770972-EA36-4473-9BC8-D9F7CFCDF17E}.Release|Any CPU.Build.0 = Release|Any CPU
	EndGlobalSection
	GlobalSection(SolutionProperties) = preSolution
		HideSolutionNode = FALSE
	EndGlobalSection
	GlobalSection(ExtensibilityGlobals) = postSolution
		SolutionGuid = {7018FA42-CD6F-4D33-B8EE-9D5E7E67784A}
	EndGlobalSection
EndGlobal
